
Microsoft Visual Studio Solution File, Format Version 12.00
# Visual Studio Version 17
VisualStudioVersion = 17.13.35818.85 d17.13
MinimumVisualStudioVersion = 10.0.40219.1
Project("{FAE04EC0-301F-11D3-BF4B-00C04F79EFBC}") = "tpmodul8_103022300148", "tpmodul8_103022300148\tpmodul8_103022300148.csproj", "{1678D4A6-C089-4983-83BE-01FE96AB59B9}"
EndProject
Global
	GlobalSection(SolutionConfigurationPlatforms) = preSolution
		Debug|Any CPU = Debug|Any CPU
		Release|Any CPU = Release|Any CPU
	EndGlobalSection
	GlobalSection(ProjectConfigurationPlatforms) = postSolution
		{1678D4A6-C089-4983-83BE-01FE96AB59B9}.Debug|Any CPU.ActiveCfg = Debug|Any CPU
		{1678D4A6-C089-4983-83BE-01FE96AB59B9}.Debug|Any CPU.Build.0 = Debug|Any CPU
		{1678D4A6-C089-4983-83BE-01FE96AB59B9}.Release|Any CPU.ActiveCfg = Release|Any CPU
		{1678D4A6-C089-4983-83BE-01FE96AB59B9}.Release|Any CPU.Build.0 = Release|Any CPU
	EndGlobalSection
	GlobalSection(SolutionProperties) = preSolution
		HideSolutionNode = FALSE
	EndGlobalSection
	GlobalSection(ExtensibilityGlobals) = postSolution
		SolutionGuid = {AE520041-246B-4148-80F0-33D7DA445F04}
	EndGlobalSection
EndGlobal
